
Microsoft Visual Studio Solution File, Format Version 12.00
# Visual Studio Version 16
VisualStudioVersion = 16.0.30709.132
MinimumVisualStudioVersion = 10.0.40219.1
Project("{FAE04EC0-301F-11D3-BF4B-00C04F79EFBC}") = "Entities", "Entities\Entities.csproj", "{6D3D2248-F0AE-460E-90E2-2F9374264A81}"
EndProject
Project("{FAE04EC0-301F-11D3-BF4B-00C04F79EFBC}") = "DataAccess", "DataAccess\DataAccess.csproj", "{46118C47-70DD-478C-B66A-E9B605478819}"
EndProject
Project("{FAE04EC0-301F-11D3-BF4B-00C04F79EFBC}") = "Business", "Business\Business.csproj", "{27EF1A3D-E31C-479F-B3A5-01D98A3E9C82}"
EndProject
Project("{FAE04EC0-301F-11D3-BF4B-00C04F79EFBC}") = "ConsoleUI", "ConsoleUI\ConsoleUI.csproj", "{17BB69D5-1184-4B44-8B56-0C7AFA08EE4D}"
EndProject
Global
	GlobalSection(SolutionConfigurationPlatforms) = preSolution
		Debug|Any CPU = Debug|Any CPU
		Release|Any CPU = Release|Any CPU
	EndGlobalSection
	GlobalSection(ProjectConfigurationPlatforms) = postSolution
		{6D3D2248-F0AE-460E-90E2-2F9374264A81}.Debug|Any CPU.ActiveCfg = Debug|Any CPU
		{6D3D2248-F0AE-460E-90E2-2F9374264A81}.Debug|Any CPU.Build.0 = Debug|Any CPU
		{6D3D2248-F0AE-460E-90E2-2F9374264A81}.Release|Any CPU.ActiveCfg = Release|Any CPU
		{6D3D2248-F0AE-460E-90E2-2F9374264A81}.Release|Any CPU.Build.0 = Release|Any CPU
		{46118C47-70DD-478C-B66A-E9B605478819}.Debug|Any CPU.ActiveCfg = Debug|Any CPU
		{46118C47-70DD-478C-B66A-E9B605478819}.Debug|Any CPU.Build.0 = Debug|Any CPU
		{46118C47-70DD-478C-B66A-E9B605478819}.Release|Any CPU.ActiveCfg = Release|Any CPU
		{46118C47-70DD-478C-B66A-E9B605478819}.Release|Any CPU.Build.0 = Release|Any CPU
		{27EF1A3D-E31C-479F-B3A5-01D98A3E9C82}.Debug|Any CPU.ActiveCfg = Debug|Any CPU
		{27EF1A3D-E31C-479F-B3A5-01D98A3E9C82}.Debug|Any CPU.Build.0 = Debug|Any CPU
		{27EF1A3D-E31C-479F-B3A5-01D98A3E9C82}.Release|Any CPU.ActiveCfg = Release|Any CPU
		{27EF1A3D-E31C-479F-B3A5-01D98A3E9C82}.Release|Any CPU.Build.0 = Release|Any CPU
		{17BB69D5-1184-4B44-8B56-0C7AFA08EE4D}.Debug|Any CPU.ActiveCfg = Debug|Any CPU
		{17BB69D5-1184-4B44-8B56-0C7AFA08EE4D}.Debug|Any CPU.Build.0 = Debug|Any CPU
		{17BB69D5-1184-4B44-8B56-0C7AFA08EE4D}.Release|Any CPU.ActiveCfg = Release|Any CPU
		{17BB69D5-1184-4B44-8B56-0C7AFA08EE4D}.Release|Any CPU.Build.0 = Release|Any CPU
	EndGlobalSection
	GlobalSection(SolutionProperties) = preSolution
		HideSolutionNode = FALSE
	EndGlobalSection
	GlobalSection(ExtensibilityGlobals) = postSolution
		SolutionGuid = {BA9F02B2-1C82-4B6C-AF11-E40B7593C405}
	EndGlobalSection
EndGlobal
